// !$*UTF8*$!
{
	archiveVersion = 1;
	classes = {
	};
	objectVersion = 46;
	objects = {

/* Begin PBXBuildFile section */
		3757EBEA14A6B1E9003AD04E /* file_info.rb in Resources */ = {isa = PBXBuildFile; fileRef = 3757EBE914A6B1E9003AD04E /* file_info.rb */; };
		375EC35914A9188700385FAF /* file_controller.rb in Resources */ = {isa = PBXBuildFile; fileRef = 375EC35814A9188700385FAF /* file_controller.rb */; };
		375EC35C14A9199500385FAF /* animations.rb in Resources */ = {isa = PBXBuildFile; fileRef = 375EC35B14A9199500385FAF /* animations.rb */; };
		375EC36014AA450300385FAF /* dir_view.rb in Resources */ = {isa = PBXBuildFile; fileRef = 375EC35F14AA450300385FAF /* dir_view.rb */; };
		37C9864514B13B7F00455C0A /* global_var.rb in Resources */ = {isa = PBXBuildFile; fileRef = 37C9864414B13B7F00455C0A /* global_var.rb */; };
		37DD6D0414B0E666008452DB /* dir_delegate.rb in Resources */ = {isa = PBXBuildFile; fileRef = 37DD6D0314B0E666008452DB /* dir_delegate.rb */; };
		37E3A37F14A3E4B5003349BF /* Cocoa.framework in Frameworks */ = {isa = PBXBuildFile; fileRef = 37E3A37E14A3E4B5003349BF /* Cocoa.framework */; };
		37E3A38114A3E4B5003349BF /* MacRuby.framework in Frameworks */ = {isa = PBXBuildFile; fileRef = 37E3A38014A3E4B5003349BF /* MacRuby.framework */; };
		37E3A38814A3E4B5003349BF /* InfoPlist.strings in Resources */ = {isa = PBXBuildFile; fileRef = 37E3A38614A3E4B5003349BF /* InfoPlist.strings */; };
		37E3A38B14A3E4B5003349BF /* main.m in Sources */ = {isa = PBXBuildFile; fileRef = 37E3A38A14A3E4B5003349BF /* main.m */; };
		37E3A38F14A3E4B5003349BF /* MainMenu.xib in Resources */ = {isa = PBXBuildFile; fileRef = 37E3A38D14A3E4B5003349BF /* MainMenu.xib */; };
		37E3A39214A3E4B5003349BF /* rb_main.rb in Resources */ = {isa = PBXBuildFile; fileRef = 37E3A39114A3E4B5003349BF /* rb_main.rb */; };
		37E3A39414A3E4B5003349BF /* AppDelegate.rb in Resources */ = {isa = PBXBuildFile; fileRef = 37E3A39314A3E4B5003349BF /* AppDelegate.rb */; };
/* End PBXBuildFile section */

/* Begin PBXFileReference section */
		3757EBE914A6B1E9003AD04E /* file_info.rb */ = {isa = PBXFileReference; fileEncoding = 4; lastKnownFileType = text.script.ruby; path = file_info.rb; sourceTree = "<group>"; };
		375EC35814A9188700385FAF /* file_controller.rb */ = {isa = PBXFileReference; fileEncoding = 4; lastKnownFileType = text.script.ruby; path = file_controller.rb; sourceTree = "<group>"; };
		375EC35B14A9199500385FAF /* animations.rb */ = {isa = PBXFileReference; fileEncoding = 4; lastKnownFileType = text.script.ruby; path = animations.rb; sourceTree = "<group>"; };
		375EC35F14AA450300385FAF /* dir_view.rb */ = {isa = PBXFileReference; fileEncoding = 4; lastKnownFileType = text.script.ruby; path = dir_view.rb; sourceTree = "<group>"; };
		37C9864414B13B7F00455C0A /* global_var.rb */ = {isa = PBXFileReference; fileEncoding = 4; lastKnownFileType = text.script.ruby; path = global_var.rb; sourceTree = "<group>"; };
		37DD6D0314B0E666008452DB /* dir_delegate.rb */ = {isa = PBXFileReference; fileEncoding = 4; lastKnownFileType = text.script.ruby; path = dir_delegate.rb; sourceTree = "<group>"; };
		37E3A37A14A3E4B5003349BF /* Findr.app */ = {isa = PBXFileReference; explicitFileType = wrapper.application; includeInIndex = 0; path = Findr.app; sourceTree = BUILT_PRODUCTS_DIR; };
		37E3A37E14A3E4B5003349BF /* Cocoa.framework */ = {isa = PBXFileReference; lastKnownFileType = wrapper.framework; name = Cocoa.framework; path = System/Library/Frameworks/Cocoa.framework; sourceTree = SDKROOT; };
		37E3A38014A3E4B5003349BF /* MacRuby.framework */ = {isa = PBXFileReference; lastKnownFileType = wrapper.framework; name = MacRuby.framework; path = System/Library/Frameworks/MacRuby.framework; sourceTree = SDKROOT; };
		37E3A38514A3E4B5003349BF /* Findr-Info.plist */ = {isa = PBXFileReference; lastKnownFileType = text.plist.xml; path = "Findr-Info.plist"; sourceTree = "<group>"; };
		37E3A38714A3E4B5003349BF /* en */ = {isa = PBXFileReference; lastKnownFileType = text.plist.strings; name = en; path = en.lproj/InfoPlist.strings; sourceTree = "<group>"; };
		37E3A38914A3E4B5003349BF /* Findr-Prefix.pch */ = {isa = PBXFileReference; lastKnownFileType = sourcecode.c.h; path = "Findr-Prefix.pch"; sourceTree = "<group>"; };
		37E3A38A14A3E4B5003349BF /* main.m */ = {isa = PBXFileReference; lastKnownFileType = sourcecode.c.objc; path = main.m; sourceTree = "<group>"; };
		37E3A38E14A3E4B5003349BF /* en */ = {isa = PBXFileReference; lastKnownFileType = file.xib; name = en; path = en.lproj/MainMenu.xib; sourceTree = "<group>"; };
		37E3A39114A3E4B5003349BF /* rb_main.rb */ = {isa = PBXFileReference; lastKnownFileType = text.script.ruby; path = rb_main.rb; sourceTree = "<group>"; };
		37E3A39314A3E4B5003349BF /* AppDelegate.rb */ = {isa = PBXFileReference; lastKnownFileType = text.script.ruby; path = AppDelegate.rb; sourceTree = "<group>"; };
/* End PBXFileReference section */

/* Begin PBXFrameworksBuildPhase section */
		37E3A37714A3E4B5003349BF /* Frameworks */ = {
			isa = PBXFrameworksBuildPhase;
			buildActionMask = 2147483647;
			files = (
				37E3A37F14A3E4B5003349BF /* Cocoa.framework in Frameworks */,
				37E3A38114A3E4B5003349BF /* MacRuby.framework in Frameworks */,
			);
			runOnlyForDeploymentPostprocessing = 0;
		};
/* End PBXFrameworksBuildPhase section */

/* Begin PBXGroup section */
		37E3A36F14A3E4B5003349BF = {
			isa = PBXGroup;
			children = (
				37E3A38314A3E4B5003349BF /* Findr */,
				37E3A37D14A3E4B5003349BF /* Frameworks */,
				37E3A37B14A3E4B5003349BF /* Products */,
			);
			sourceTree = "<group>";
		};
		37E3A37B14A3E4B5003349BF /* Products */ = {
			isa = PBXGroup;
			children = (
				37E3A37A14A3E4B5003349BF /* Findr.app */,
			);
			name = Products;
			sourceTree = "<group>";
		};
		37E3A37D14A3E4B5003349BF /* Frameworks */ = {
			isa = PBXGroup;
			children = (
				37E3A37E14A3E4B5003349BF /* Cocoa.framework */,
				37E3A38014A3E4B5003349BF /* MacRuby.framework */,
			);
			name = Frameworks;
			sourceTree = "<group>";
		};
		37E3A38314A3E4B5003349BF /* Findr */ = {
			isa = PBXGroup;
			children = (
				37C9864414B13B7F00455C0A /* global_var.rb */,
				37DD6D0314B0E666008452DB /* dir_delegate.rb */,
				375EC35F14AA450300385FAF /* dir_view.rb */,
				375EC35B14A9199500385FAF /* animations.rb */,
				375EC35814A9188700385FAF /* file_controller.rb */,
				3757EBE914A6B1E9003AD04E /* file_info.rb */,
				37E3A39314A3E4B5003349BF /* AppDelegate.rb */,
				37E3A38C14A3E4B5003349BF /* Resources */,
				37E3A39014A3E4B5003349BF /* Other Sources */,
				37E3A38414A3E4B5003349BF /* Supporting Files */,
			);
			path = Findr;
			sourceTree = "<group>";
		};
		37E3A38414A3E4B5003349BF /* Supporting Files */ = {
			isa = PBXGroup;
			children = (
				37E3A38514A3E4B5003349BF /* Findr-Info.plist */,
				37E3A38614A3E4B5003349BF /* InfoPlist.strings */,
				37E3A38914A3E4B5003349BF /* Findr-Prefix.pch */,
				37E3A38A14A3E4B5003349BF /* main.m */,
			);
			name = "Supporting Files";
			sourceTree = "<group>";
		};
		37E3A38C14A3E4B5003349BF /* Resources */ = {
			isa = PBXGroup;
			children = (
				37E3A38D14A3E4B5003349BF /* MainMenu.xib */,
			);
			name = Resources;
			sourceTree = "<group>";
		};
		37E3A39014A3E4B5003349BF /* Other Sources */ = {
			isa = PBXGroup;
			children = (
				37E3A39114A3E4B5003349BF /* rb_main.rb */,
			);
			name = "Other Sources";
			sourceTree = "<group>";
		};
/* End PBXGroup section */

/* Begin PBXLegacyTarget section */
		37E3A38214A3E4B5003349BF /* Deployment */ = {
			isa = PBXLegacyTarget;
			buildArgumentsString = "--compile --embed";
			buildConfigurationList = 37E3A39A14A3E4B5003349BF /* Build configuration list for PBXLegacyTarget "Deployment" */;
			buildPhases = (
			);
			buildToolPath = /usr/local/bin/macruby_deploy;
			dependencies = (
			);
			name = Deployment;
			passBuildSettingsInEnvironment = 1;
			productName = Deployment;
		};
/* End PBXLegacyTarget section */

/* Begin PBXNativeTarget section */
		37E3A37914A3E4B5003349BF /* Findr */ = {
			isa = PBXNativeTarget;
			buildConfigurationList = 37E3A39714A3E4B5003349BF /* Build configuration list for PBXNativeTarget "Findr" */;
			buildPhases = (
				37E3A37614A3E4B5003349BF /* Sources */,
				37E3A37714A3E4B5003349BF /* Frameworks */,
				37E3A37814A3E4B5003349BF /* Resources */,
			);
			buildRules = (
			);
			dependencies = (
			);
			name = Findr;
			productName = Findr;
			productReference = 37E3A37A14A3E4B5003349BF /* Findr.app */;
			productType = "com.apple.product-type.application";
		};
/* End PBXNativeTarget section */

/* Begin PBXProject section */
		37E3A37114A3E4B5003349BF /* Project object */ = {
			isa = PBXProject;
			buildConfigurationList = 37E3A37414A3E4B5003349BF /* Build configuration list for PBXProject "Findr" */;
			compatibilityVersion = "Xcode 3.2";
			developmentRegion = English;
			hasScannedForEncodings = 0;
			knownRegions = (
				en,
			);
			mainGroup = 37E3A36F14A3E4B5003349BF;
			productRefGroup = 37E3A37B14A3E4B5003349BF /* Products */;
			projectDirPath = "";
			projectRoot = "";
			targets = (
				37E3A37914A3E4B5003349BF /* Findr */,
				37E3A38214A3E4B5003349BF /* Deployment */,
			);
		};
/* End PBXProject section */

/* Begin PBXResourcesBuildPhase section */
		37E3A37814A3E4B5003349BF /* Resources */ = {
			isa = PBXResourcesBuildPhase;
			buildActionMask = 2147483647;
			files = (
				37E3A38814A3E4B5003349BF /* InfoPlist.strings in Resources */,
				37E3A38F14A3E4B5003349BF /* MainMenu.xib in Resources */,
				37E3A39214A3E4B5003349BF /* rb_main.rb in Resources */,
				37E3A39414A3E4B5003349BF /* AppDelegate.rb in Resources */,
				3757EBEA14A6B1E9003AD04E /* file_info.rb in Resources */,
				375EC35914A9188700385FAF /* file_controller.rb in Resources */,
				375EC35C14A9199500385FAF /* animations.rb in Resources */,
				375EC36014AA450300385FAF /* dir_view.rb in Resources */,
				37DD6D0414B0E666008452DB /* dir_delegate.rb in Resources */,
				37C9864514B13B7F00455C0A /* global_var.rb in Resources */,
			);
			runOnlyForDeploymentPostprocessing = 0;
		};
/* End PBXResourcesBuildPhase section */

/* Begin PBXSourcesBuildPhase section */
		37E3A37614A3E4B5003349BF /* Sources */ = {
			isa = PBXSourcesBuildPhase;
			buildActionMask = 2147483647;
			files = (
				37E3A38B14A3E4B5003349BF /* main.m in Sources */,
			);
			runOnlyForDeploymentPostprocessing = 0;
		};
/* End PBXSourcesBuildPhase section */

/* Begin PBXVariantGroup section */
		37E3A38614A3E4B5003349BF /* InfoPlist.strings */ = {
			isa = PBXVariantGroup;
			children = (
				37E3A38714A3E4B5003349BF /* en */,
			);
			name = InfoPlist.strings;
			sourceTree = "<group>";
		};
		37E3A38D14A3E4B5003349BF /* MainMenu.xib */ = {
			isa = PBXVariantGroup;
			children = (
				37E3A38E14A3E4B5003349BF /* en */,
			);
			name = MainMenu.xib;
			sourceTree = "<group>";
		};
/* End PBXVariantGroup section */

/* Begin XCBuildConfiguration section */
		37E3A39514A3E4B5003349BF /* Debug */ = {
			isa = XCBuildConfiguration;
			buildSettings = {
				ARCHS = "$(ARCHS_STANDARD_32_64_BIT)";
				GCC_C_LANGUAGE_STANDARD = gnu99;
				GCC_OPTIMIZATION_LEVEL = 0;
				GCC_PREPROCESSOR_DEFINITIONS = DEBUG;
				GCC_SYMBOLS_PRIVATE_EXTERN = NO;
				GCC_VERSION = com.apple.compilers.llvm.clang.1_0;
				GCC_WARN_64_TO_32_BIT_CONVERSION = YES;
				GCC_WARN_ABOUT_RETURN_TYPE = YES;
				GCC_WARN_UNUSED_VARIABLE = YES;
				MACOSX_DEPLOYMENT_TARGET = 10.6;
				ONLY_ACTIVE_ARCH = YES;
				SDKROOT = macosx;
			};
			name = Debug;
		};
		37E3A39614A3E4B5003349BF /* Release */ = {
			isa = XCBuildConfiguration;
			buildSettings = {
				ARCHS = "$(ARCHS_STANDARD_32_64_BIT)";
				GCC_C_LANGUAGE_STANDARD = gnu99;
				GCC_VERSION = com.apple.compilers.llvm.clang.1_0;
				GCC_WARN_64_TO_32_BIT_CONVERSION = YES;
				GCC_WARN_ABOUT_RETURN_TYPE = YES;
				GCC_WARN_UNUSED_VARIABLE = YES;
				MACOSX_DEPLOYMENT_TARGET = 10.6;
				SDKROOT = macosx;
			};
			name = Release;
		};
		37E3A39814A3E4B5003349BF /* Debug */ = {
			isa = XCBuildConfiguration;
			buildSettings = {
				ALWAYS_SEARCH_USER_PATHS = NO;
				COPY_PHASE_STRIP = NO;
				GCC_DYNAMIC_NO_PIC = NO;
				GCC_ENABLE_OBJC_EXCEPTIONS = YES;
				GCC_ENABLE_OBJC_GC = required;
				GCC_PRECOMPILE_PREFIX_HEADER = YES;
				GCC_PREFIX_HEADER = "Findr/Findr-Prefix.pch";
				INFOPLIST_FILE = "Findr/Findr-Info.plist";
				PRODUCT_NAME = "$(TARGET_NAME)";
				VALID_ARCHS = x86_64;
				WRAPPER_EXTENSION = app;
			};
			name = Debug;
		};
		37E3A39914A3E4B5003349BF /* Release */ = {
			isa = XCBuildConfiguration;
			buildSettings = {
				ALWAYS_SEARCH_USER_PATHS = NO;
				COPY_PHASE_STRIP = YES;
				DEBUG_INFORMATION_FORMAT = "dwarf-with-dsym";
				GCC_ENABLE_OBJC_EXCEPTIONS = YES;
				GCC_ENABLE_OBJC_GC = required;
				GCC_PRECOMPILE_PREFIX_HEADER = YES;
				GCC_PREFIX_HEADER = "Findr/Findr-Prefix.pch";
				INFOPLIST_FILE = "Findr/Findr-Info.plist";
				PRODUCT_NAME = "$(TARGET_NAME)";
				VALID_ARCHS = x86_64;
				WRAPPER_EXTENSION = app;
			};
			name = Release;
		};
		37E3A39B14A3E4B5003349BF /* Debug */ = {
			isa = XCBuildConfiguration;
			buildSettings = {
			};
			name = Debug;
		};
		37E3A39C14A3E4B5003349BF /* Release */ = {
			isa = XCBuildConfiguration;
			buildSettings = {
			};
			name = Release;
		};
/* End XCBuildConfiguration section */

/* Begin XCConfigurationList section */
		37E3A37414A3E4B5003349BF /* Build configuration list for PBXProject "Findr" */ = {
			isa = XCConfigurationList;
			buildConfigurations = (
				37E3A39514A3E4B5003349BF /* Debug */,
				37E3A39614A3E4B5003349BF /* Release */,
			);
			defaultConfigurationIsVisible = 0;
			defaultConfigurationName = Release;
		};
		37E3A39714A3E4B5003349BF /* Build configuration list for PBXNativeTarget "Findr" */ = {
			isa = XCConfigurationList;
			buildConfigurations = (
				37E3A39814A3E4B5003349BF /* Debug */,
				37E3A39914A3E4B5003349BF /* Release */,
			);
			defaultConfigurationIsVisible = 0;
			defaultConfigurationName = Release;
		};
		37E3A39A14A3E4B5003349BF /* Build configuration list for PBXLegacyTarget "Deployment" */ = {
			isa = XCConfigurationList;
			buildConfigurations = (
				37E3A39B14A3E4B5003349BF /* Debug */,
				37E3A39C14A3E4B5003349BF /* Release */,
			);
			defaultConfigurationIsVisible = 0;
			defaultConfigurationName = Release;
		};
/* End XCConfigurationList section */
	};
	rootObject = 37E3A37114A3E4B5003349BF /* Project object */;
}
